<Solution>
  <Project Path="TravoRides.API/TravoRides.API.csproj" />
  <Project Path="TravoRides.Application/TravoRides.Application.csproj" />
  <Project Path="TravoRides.CMS/TravoRides.CMS.csproj" />
  <Project Path="TravoRides.Domain/TravoRides.Domain.csproj" />
  <Project Path="TravoRides.Infrastructure/TravoRides.Infrastructure.csproj" />
</Solution>
